// !$*UTF8*$!
{
	archiveVersion = 1;
	classes = {
	};
	objectVersion = 50;
	objects = {

/* Begin PBXBuildFile section */
		336DB4B824323943000751CC /* Podcast.swift in Sources */ = {isa = PBXBuildFile; fileRef = 336DB4B724323943000751CC /* Podcast.swift */; };
		336DB4BA24325265000751CC /* Panel.swift in Sources */ = {isa = PBXBuildFile; fileRef = 336DB4B924325265000751CC /* Panel.swift */; };
		336DB4BC243252CF000751CC /* PlayingNowView.swift in Sources */ = {isa = PBXBuildFile; fileRef = 336DB4BB243252CF000751CC /* PlayingNowView.swift */; };
		33B772CD24312C9C00DD7F0A /* AppDelegate.swift in Sources */ = {isa = PBXBuildFile; fileRef = 33B772CC24312C9C00DD7F0A /* AppDelegate.swift */; };
		33B772CF24312C9C00DD7F0A /* SceneDelegate.swift in Sources */ = {isa = PBXBuildFile; fileRef = 33B772CE24312C9C00DD7F0A /* SceneDelegate.swift */; };
		33B772D124312C9C00DD7F0A /* ContentView.swift in Sources */ = {isa = PBXBuildFile; fileRef = 33B772D024312C9C00DD7F0A /* ContentView.swift */; };
		33B772D324312C9D00DD7F0A /* Assets.xcassets in Resources */ = {isa = PBXBuildFile; fileRef = 33B772D224312C9D00DD7F0A /* Assets.xcassets */; };
		33B772D624312C9D00DD7F0A /* Preview Assets.xcassets in Resources */ = {isa = PBXBuildFile; fileRef = 33B772D524312C9D00DD7F0A /* Preview Assets.xcassets */; };
		33B772D924312C9D00DD7F0A /* LaunchScreen.storyboard in Resources */ = {isa = PBXBuildFile; fileRef = 33B772D724312C9D00DD7F0A /* LaunchScreen.storyboard */; };
/* End PBXBuildFile section */

/* Begin PBXFileReference section */
		336DB4B724323943000751CC /* Podcast.swift */ = {isa = PBXFileReference; lastKnownFileType = sourcecode.swift; path = Podcast.swift; sourceTree = "<group>"; };
		336DB4B924325265000751CC /* Panel.swift */ = {isa = PBXFileReference; lastKnownFileType = sourcecode.swift; path = Panel.swift; sourceTree = "<group>"; };
		336DB4BB243252CF000751CC /* PlayingNowView.swift */ = {isa = PBXFileReference; lastKnownFileType = sourcecode.swift; path = PlayingNowView.swift; sourceTree = "<group>"; };
		33B772C924312C9C00DD7F0A /* SwiftUI-Examples.app */ = {isa = PBXFileReference; explicitFileType = wrapper.application; includeInIndex = 0; path = "SwiftUI-Examples.app"; sourceTree = BUILT_PRODUCTS_DIR; };
		33B772CC24312C9C00DD7F0A /* AppDelegate.swift */ = {isa = PBXFileReference; lastKnownFileType = sourcecode.swift; path = AppDelegate.swift; sourceTree = "<group>"; };
		33B772CE24312C9C00DD7F0A /* SceneDelegate.swift */ = {isa = PBXFileReference; lastKnownFileType = sourcecode.swift; path = SceneDelegate.swift; sourceTree = "<group>"; };
		33B772D024312C9C00DD7F0A /* ContentView.swift */ = {isa = PBXFileReference; lastKnownFileType = sourcecode.swift; path = ContentView.swift; sourceTree = "<group>"; };
		33B772D224312C9D00DD7F0A /* Assets.xcassets */ = {isa = PBXFileReference; lastKnownFileType = folder.assetcatalog; path = Assets.xcassets; sourceTree = "<group>"; };
		33B772D524312C9D00DD7F0A /* Preview Assets.xcassets */ = {isa = PBXFileReference; lastKnownFileType = folder.assetcatalog; path = "Preview Assets.xcassets"; sourceTree = "<group>"; };
		33B772D824312C9D00DD7F0A /* Base */ = {isa = PBXFileReference; lastKnownFileType = file.storyboard; name = Base; path = Base.lproj/LaunchScreen.storyboard; sourceTree = "<group>"; };
		33B772DA24312C9D00DD7F0A /* Info.plist */ = {isa = PBXFileReference; lastKnownFileType = text.plist.xml; path = Info.plist; sourceTree = "<group>"; };
/* End PBXFileReference section */

/* Begin PBXFrameworksBuildPhase section */
		33B772C624312C9C00DD7F0A /* Frameworks */ = {
			isa = PBXFrameworksBuildPhase;
			buildActionMask = 2147483647;
			files = (
			);
			runOnlyForDeploymentPostprocessing = 0;
		};
/* End PBXFrameworksBuildPhase section */

/* Begin PBXGroup section */
		33B772C024312C9C00DD7F0A = {
			isa = PBXGroup;
			children = (
				33B772CB24312C9C00DD7F0A /* SwiftUI-Examples */,
				33B772CA24312C9C00DD7F0A /* Products */,
			);
			sourceTree = "<group>";
		};
		33B772CA24312C9C00DD7F0A /* Products */ = {
			isa = PBXGroup;
			children = (
				33B772C924312C9C00DD7F0A /* SwiftUI-Examples.app */,
			);
			name = Products;
			sourceTree = "<group>";
		};
		33B772CB24312C9C00DD7F0A /* SwiftUI-Examples */ = {
			isa = PBXGroup;
			children = (
				33B772CC24312C9C00DD7F0A /* AppDelegate.swift */,
				33B772CE24312C9C00DD7F0A /* SceneDelegate.swift */,
				33B772D024312C9C00DD7F0A /* ContentView.swift */,
				336DB4B724323943000751CC /* Podcast.swift */,
				336DB4B924325265000751CC /* Panel.swift */,
				336DB4BB243252CF000751CC /* PlayingNowView.swift */,
				33B772D224312C9D00DD7F0A /* Assets.xcassets */,
				33B772D724312C9D00DD7F0A /* LaunchScreen.storyboard */,
				33B772DA24312C9D00DD7F0A /* Info.plist */,
				33B772D424312C9D00DD7F0A /* Preview Content */,
			);
			path = "SwiftUI-Examples";
			sourceTree = "<group>";
		};
		33B772D424312C9D00DD7F0A /* Preview Content */ = {
			isa = PBXGroup;
			children = (
				33B772D524312C9D00DD7F0A /* Preview Assets.xcassets */,
			);
			path = "Preview Content";
			sourceTree = "<group>";
		};
/* End PBXGroup section */

/* Begin PBXNativeTarget section */
		33B772C824312C9C00DD7F0A /* SwiftUI-Examples */ = {
			isa = PBXNativeTarget;
			buildConfigurationList = 33B772DD24312C9D00DD7F0A /* Build configuration list for PBXNativeTarget "SwiftUI-Examples" */;
			buildPhases = (
				33B772C524312C9C00DD7F0A /* Sources */,
				33B772C624312C9C00DD7F0A /* Frameworks */,
				33B772C724312C9C00DD7F0A /* Resources */,
			);
			buildRules = (
			);
			dependencies = (
			);
			name = "SwiftUI-Examples";
			productName = "SwiftUI-Examples";
			productReference = 33B772C924312C9C00DD7F0A /* SwiftUI-Examples.app */;
			productType = "com.apple.product-type.application";
		};
/* End PBXNativeTarget section */

/* Begin PBXProject section */
		33B772C124312C9C00DD7F0A /* Project object */ = {
			isa = PBXProject;
			attributes = {
				LastSwiftUpdateCheck = 1140;
				LastUpgradeCheck = 1140;
				ORGANIZATIONNAME = "Txai Wieser";
				TargetAttributes = {
					33B772C824312C9C00DD7F0A = {
						CreatedOnToolsVersion = 11.4;
					};
				};
			};
			buildConfigurationList = 33B772C424312C9C00DD7F0A /* Build configuration list for PBXProject "SwiftUI-Examples" */;
			compatibilityVersion = "Xcode 9.3";
			developmentRegion = en;
			hasScannedForEncodings = 0;
			knownRegions = (
				en,
				Base,
			);
			mainGroup = 33B772C024312C9C00DD7F0A;
			productRefGroup = 33B772CA24312C9C00DD7F0A /* Products */;
			projectDirPath = "";
			projectRoot = "";
			targets = (
				33B772C824312C9C00DD7F0A /* SwiftUI-Examples */,
			);
		};
/* End PBXProject section */

/* Begin PBXResourcesBuildPhase section */
		33B772C724312C9C00DD7F0A /* Resources */ = {
			isa = PBXResourcesBuildPhase;
			buildActionMask = 2147483647;
			files = (
				33B772D924312C9D00DD7F0A /* LaunchScreen.storyboard in Resources */,
				33B772D624312C9D00DD7F0A /* Preview Assets.xcassets in Resources */,
				33B772D324312C9D00DD7F0A /* Assets.xcassets in Resources */,
			);
			runOnlyForDeploymentPostprocessing = 0;
		};
/* End PBXResourcesBuildPhase section */

/* Begin PBXSourcesBuildPhase section */
		33B772C524312C9C00DD7F0A /* Sources */ = {
			isa = PBXSourcesBuildPhase;
			buildActionMask = 2147483647;
			files = (
				336DB4BC243252CF000751CC /* PlayingNowView.swift in Sources */,
				33B772CD24312C9C00DD7F0A /* AppDelegate.swift in Sources */,
				336DB4BA24325265000751CC /* Panel.swift in Sources */,
				33B772CF24312C9C00DD7F0A /* SceneDelegate.swift in Sources */,
				336DB4B824323943000751CC /* Podcast.swift in Sources */,
				33B772D124312C9C00DD7F0A /* ContentView.swift in Sources */,
			);
			runOnlyForDeploymentPostprocessing = 0;
		};
/* End PBXSourcesBuildPhase section */

/* Begin PBXVariantGroup section */
		33B772D724312C9D00DD7F0A /* LaunchScreen.storyboard */ = {
			isa = PBXVariantGroup;
			children = (
				33B772D824312C9D00DD7F0A /* Base */,
			);
			name = LaunchScreen.storyboard;
			sourceTree = "<group>";
		};
/* End PBXVariantGroup section */

/* Begin XCBuildConfiguration section */
		33B772DB24312C9D00DD7F0A /* Debug */ = {
			isa = XCBuildConfiguration;
			buildSettings = {
				ALWAYS_SEARCH_USER_PATHS = NO;
				CLANG_ANALYZER_NONNULL = YES;
				CLANG_ANALYZER_NUMBER_OBJECT_CONVERSION = YES_AGGRESSIVE;
				CLANG_CXX_LANGUAGE_STANDARD = "gnu++14";
				CLANG_CXX_LIBRARY = "libc++";
				CLANG_ENABLE_MODULES = YES;
				CLANG_ENABLE_OBJC_ARC = YES;
				CLANG_ENABLE_OBJC_WEAK = YES;
				CLANG_WARN_BLOCK_CAPTURE_AUTORELEASING = YES;
				CLANG_WARN_BOOL_CONVERSION = YES;
				CLANG_WARN_COMMA = YES;
				CLANG_WARN_CONSTANT_CONVERSION = YES;
				CLANG_WARN_DEPRECATED_OBJC_IMPLEMENTATIONS = YES;
				CLANG_WARN_DIRECT_OBJC_ISA_USAGE = YES_ERROR;
				CLANG_WARN_DOCUMENTATION_COMMENTS = YES;
				CLANG_WARN_EMPTY_BODY = YES;
				CLANG_WARN_ENUM_CONVERSION = YES;
				CLANG_WARN_INFINITE_RECURSION = YES;
				CLANG_WARN_INT_CONVERSION = YES;
				CLANG_WARN_NON_LITERAL_NULL_CONVERSION = YES;
				CLANG_WARN_OBJC_IMPLICIT_RETAIN_SELF = YES;
				CLANG_WARN_OBJC_LITERAL_CONVERSION = YES;
				CLANG_WARN_OBJC_ROOT_CLASS = YES_ERROR;
				CLANG_WARN_RANGE_LOOP_ANALYSIS = YES;
				CLANG_WARN_STRICT_PROTOTYPES = YES;
				CLANG_WARN_SUSPICIOUS_MOVE = YES;
				CLANG_WARN_UNGUARDED_AVAILABILITY = YES_AGGRESSIVE;
				CLANG_WARN_UNREACHABLE_CODE = YES;
				CLANG_WARN__DUPLICATE_METHOD_MATCH = YES;
				COPY_PHASE_STRIP = NO;
				DEBUG_INFORMATION_FORMAT = dwarf;
				ENABLE_STRICT_OBJC_MSGSEND = YES;
				ENABLE_TESTABILITY = YES;
				GCC_C_LANGUAGE_STANDARD = gnu11;
				GCC_DYNAMIC_NO_PIC = NO;
				GCC_NO_COMMON_BLOCKS = YES;
				GCC_OPTIMIZATION_LEVEL = 0;
				GCC_PREPROCESSOR_DEFINITIONS = (
					"DEBUG=1",
					"$(inherited)",
				);
				GCC_WARN_64_TO_32_BIT_CONVERSION = YES;
				GCC_WARN_ABOUT_RETURN_TYPE = YES_ERROR;
				GCC_WARN_UNDECLARED_SELECTOR = YES;
				GCC_WARN_UNINITIALIZED_AUTOS = YES_AGGRESSIVE;
				GCC_WARN_UNUSED_FUNCTION = YES;
				GCC_WARN_UNUSED_VARIABLE = YES;
				IPHONEOS_DEPLOYMENT_TARGET = 13.4;
				MTL_ENABLE_DEBUG_INFO = INCLUDE_SOURCE;
				MTL_FAST_MATH = YES;
				ONLY_ACTIVE_ARCH = YES;
				SDKROOT = iphoneos;
				SWIFT_ACTIVE_COMPILATION_CONDITIONS = DEBUG;
				SWIFT_OPTIMIZATION_LEVEL = "-Onone";
			};
			name = Debug;
		};
		33B772DC24312C9D00DD7F0A /* Release */ = {
			isa = XCBuildConfiguration;
			buildSettings = {
				ALWAYS_SEARCH_USER_PATHS = NO;
				CLANG_ANALYZER_NONNULL = YES;
				CLANG_ANALYZER_NUMBER_OBJECT_CONVERSION = YES_AGGRESSIVE;
				CLANG_CXX_LANGUAGE_STANDARD = "gnu++14";
				CLANG_CXX_LIBRARY = "libc++";
				CLANG_ENABLE_MODULES = YES;
				CLANG_ENABLE_OBJC_ARC = YES;
				CLANG_ENABLE_OBJC_WEAK = YES;
				CLANG_WARN_BLOCK_CAPTURE_AUTORELEASING = YES;
				CLANG_WARN_BOOL_CONVERSION = YES;
				CLANG_WARN_COMMA = YES;
				CLANG_WARN_CONSTANT_CONVERSION = YES;
				CLANG_WARN_DEPRECATED_OBJC_IMPLEMENTATIONS = YES;
				CLANG_WARN_DIRECT_OBJC_ISA_USAGE = YES_ERROR;
				CLANG_WARN_DOCUMENTATION_COMMENTS = YES;
				CLANG_WARN_EMPTY_BODY = YES;
				CLANG_WARN_ENUM_CONVERSION = YES;
				CLANG_WARN_INFINITE_RECURSION = YES;
				CLANG_WARN_INT_CONVERSION = YES;
				CLANG_WARN_NON_LITERAL_NULL_CONVERSION = YES;
				CLANG_WARN_OBJC_IMPLICIT_RETAIN_SELF = YES;
				CLANG_WARN_OBJC_LITERAL_CONVERSION = YES;
				CLANG_WARN_OBJC_ROOT_CLASS = YES_ERROR;
				CLANG_WARN_RANGE_LOOP_ANALYSIS = YES;
				CLANG_WARN_STRICT_PROTOTYPES = YES;
				CLANG_WARN_SUSPICIOUS_MOVE = YES;
				CLANG_WARN_UNGUARDED_AVAILABILITY = YES_AGGRESSIVE;
				CLANG_WARN_UNREACHABLE_CODE = YES;
				CLANG_WARN__DUPLICATE_METHOD_MATCH = YES;
				COPY_PHASE_STRIP = NO;
				DEBUG_INFORMATION_FORMAT = "dwarf-with-dsym";
				ENABLE_NS_ASSERTIONS = NO;
				ENABLE_STRICT_OBJC_MSGSEND = YES;
				GCC_C_LANGUAGE_STANDARD = gnu11;
				GCC_NO_COMMON_BLOCKS = YES;
				GCC_WARN_64_TO_32_BIT_CONVERSION = YES;
				GCC_WARN_ABOUT_RETURN_TYPE = YES_ERROR;
				GCC_WARN_UNDECLARED_SELECTOR = YES;
				GCC_WARN_UNINITIALIZED_AUTOS = YES_AGGRESSIVE;
				GCC_WARN_UNUSED_FUNCTION = YES;
				GCC_WARN_UNUSED_VARIABLE = YES;
				IPHONEOS_DEPLOYMENT_TARGET = 13.4;
				MTL_ENABLE_DEBUG_INFO = NO;
				MTL_FAST_MATH = YES;
				SDKROOT = iphoneos;
				SWIFT_COMPILATION_MODE = wholemodule;
				SWIFT_OPTIMIZATION_LEVEL = "-O";
				VALIDATE_PRODUCT = YES;
			};
			name = Release;
		};
		33B772DE24312C9D00DD7F0A /* Debug */ = {
			isa = XCBuildConfiguration;
			buildSettings = {
				ASSETCATALOG_COMPILER_APPICON_NAME = AppIcon;
				CODE_SIGN_STYLE = Automatic;
				DEVELOPMENT_ASSET_PATHS = "\"SwiftUI-Examples/Preview Content\"";
				ENABLE_PREVIEWS = YES;
				INFOPLIST_FILE = "SwiftUI-Examples/Info.plist";
				LD_RUNPATH_SEARCH_PATHS = (
					"$(inherited)",
					"@executable_path/Frameworks",
				);
				PRODUCT_BUNDLE_IDENTIFIER = "com.txaiwieser.SwiftUI-Examples";
				PRODUCT_NAME = "$(TARGET_NAME)";
				SWIFT_VERSION = 5.0;
				TARGETED_DEVICE_FAMILY = "1,2";
			};
			name = Debug;
		};
		33B772DF24312C9D00DD7F0A /* Release */ = {
			isa = XCBuildConfiguration;
			buildSettings = {
				ASSETCATALOG_COMPILER_APPICON_NAME = AppIcon;
				CODE_SIGN_STYLE = Automatic;
				DEVELOPMENT_ASSET_PATHS = "\"SwiftUI-Examples/Preview Content\"";
				ENABLE_PREVIEWS = YES;
				INFOPLIST_FILE = "SwiftUI-Examples/Info.plist";
				LD_RUNPATH_SEARCH_PATHS = (
					"$(inherited)",
					"@executable_path/Frameworks",
				);
				PRODUCT_BUNDLE_IDENTIFIER = "com.txaiwieser.SwiftUI-Examples";
				PRODUCT_NAME = "$(TARGET_NAME)";
				SWIFT_VERSION = 5.0;
				TARGETED_DEVICE_FAMILY = "1,2";
			};
			name = Release;
		};
/* End XCBuildConfiguration section */

/* Begin XCConfigurationList section */
		33B772C424312C9C00DD7F0A /* Build configuration list for PBXProject "SwiftUI-Examples" */ = {
			isa = XCConfigurationList;
			buildConfigurations = (
				33B772DB24312C9D00DD7F0A /* Debug */,
				33B772DC24312C9D00DD7F0A /* Release */,
			);
			defaultConfigurationIsVisible = 0;
			defaultConfigurationName = Release;
		};
		33B772DD24312C9D00DD7F0A /* Build configuration list for PBXNativeTarget "SwiftUI-Examples" */ = {
			isa = XCConfigurationList;
			buildConfigurations = (
				33B772DE24312C9D00DD7F0A /* Debug */,
				33B772DF24312C9D00DD7F0A /* Release */,
			);
			defaultConfigurationIsVisible = 0;
			defaultConfigurationName = Release;
		};
/* End XCConfigurationList section */
	};
	rootObject = 33B772C124312C9C00DD7F0A /* Project object */;
}
